
Microsoft Visual Studio Solution File, Format Version 12.00
# Visual Studio Version 17
VisualStudioVersion = 17.0.31903.59
MinimumVisualStudioVersion = 10.0.40219.1
Project("{FAE04EC0-301F-11D3-BF4B-00C04F79EFBC}") = "CozyComfort.API", "CozyComfort.API\CozyComfort.API.csproj", "{DC78AA77-779F-4320-9FF7-56C8FEDB8364}"
EndProject
Project("{FAE04EC0-301F-11D3-BF4B-00C04F79EFBC}") = "CozyComfort.Models", "CozyComfort.Models\CozyComfort.Models.csproj", "{95DD115C-9817-422A-8818-6A43BACF8D62}"
EndProject
Project("{FAE04EC0-301F-11D3-BF4B-00C04F79EFBC}") = "CozyComfort.Services", "CozyComfort.Services\CozyComfort.Services.csproj", "{53A7AEA8-E855-43A3-9005-0C027E74D95F}"
EndProject
Project("{FAE04EC0-301F-11D3-BF4B-00C04F79EFBC}") = "CozyComfort.Data", "CozyComfort.Data\CozyComfort.Data.csproj", "{7892B704-E983-4A31-B1F0-BB4CF5909162}"
EndProject
Global
	GlobalSection(SolutionConfigurationPlatforms) = preSolution
		Debug|Any CPU = Debug|Any CPU
		Debug|x64 = Debug|x64
		Debug|x86 = Debug|x86
		Release|Any CPU = Release|Any CPU
		Release|x64 = Release|x64
		Release|x86 = Release|x86
	EndGlobalSection
	GlobalSection(ProjectConfigurationPlatforms) = postSolution
		{DC78AA77-779F-4320-9FF7-56C8FEDB8364}.Debug|Any CPU.ActiveCfg = Debug|Any CPU
		{DC78AA77-779F-4320-9FF7-56C8FEDB8364}.Debug|Any CPU.Build.0 = Debug|Any CPU
		{DC78AA77-779F-4320-9FF7-56C8FEDB8364}.Debug|x64.ActiveCfg = Debug|Any CPU
		{DC78AA77-779F-4320-9FF7-56C8FEDB8364}.Debug|x64.Build.0 = Debug|Any CPU
		{DC78AA77-779F-4320-9FF7-56C8FEDB8364}.Debug|x86.ActiveCfg = Debug|Any CPU
		{DC78AA77-779F-4320-9FF7-56C8FEDB8364}.Debug|x86.Build.0 = Debug|Any CPU
		{DC78AA77-779F-4320-9FF7-56C8FEDB8364}.Release|Any CPU.ActiveCfg = Release|Any CPU
		{DC78AA77-779F-4320-9FF7-56C8FEDB8364}.Release|Any CPU.Build.0 = Release|Any CPU
		{DC78AA77-779F-4320-9FF7-56C8FEDB8364}.Release|x64.ActiveCfg = Release|Any CPU
		{DC78AA77-779F-4320-9FF7-56C8FEDB8364}.Release|x64.Build.0 = Release|Any CPU
		{DC78AA77-779F-4320-9FF7-56C8FEDB8364}.Release|x86.ActiveCfg = Release|Any CPU
		{DC78AA77-779F-4320-9FF7-56C8FEDB8364}.Release|x86.Build.0 = Release|Any CPU
		{95DD115C-9817-422A-8818-6A43BACF8D62}.Debug|Any CPU.ActiveCfg = Debug|Any CPU
		{95DD115C-9817-422A-8818-6A43BACF8D62}.Debug|Any CPU.Build.0 = Debug|Any CPU
		{95DD115C-9817-422A-8818-6A43BACF8D62}.Debug|x64.ActiveCfg = Debug|Any CPU
		{95DD115C-9817-422A-8818-6A43BACF8D62}.Debug|x64.Build.0 = Debug|Any CPU
		{95DD115C-9817-422A-8818-6A43BACF8D62}.Debug|x86.ActiveCfg = Debug|Any CPU
		{95DD115C-9817-422A-8818-6A43BACF8D62}.Debug|x86.Build.0 = Debug|Any CPU
		{95DD115C-9817-422A-8818-6A43BACF8D62}.Release|Any CPU.ActiveCfg = Release|Any CPU
		{95DD115C-9817-422A-8818-6A43BACF8D62}.Release|Any CPU.Build.0 = Release|Any CPU
		{95DD115C-9817-422A-8818-6A43BACF8D62}.Release|x64.ActiveCfg = Release|Any CPU
		{95DD115C-9817-422A-8818-6A43BACF8D62}.Release|x64.Build.0 = Release|Any CPU
		{95DD115C-9817-422A-8818-6A43BACF8D62}.Release|x86.ActiveCfg = Release|Any CPU
		{95DD115C-9817-422A-8818-6A43BACF8D62}.Release|x86.Build.0 = Release|Any CPU
		{53A7AEA8-E855-43A3-9005-0C027E74D95F}.Debug|Any CPU.ActiveCfg = Debug|Any CPU
		{53A7AEA8-E855-43A3-9005-0C027E74D95F}.Debug|Any CPU.Build.0 = Debug|Any CPU
		{53A7AEA8-E855-43A3-9005-0C027E74D95F}.Debug|x64.ActiveCfg = Debug|Any CPU
		{53A7AEA8-E855-43A3-9005-0C027E74D95F}.Debug|x64.Build.0 = Debug|Any CPU
		{53A7AEA8-E855-43A3-9005-0C027E74D95F}.Debug|x86.ActiveCfg = Debug|Any CPU
		{53A7AEA8-E855-43A3-9005-0C027E74D95F}.Debug|x86.Build.0 = Debug|Any CPU
		{53A7AEA8-E855-43A3-9005-0C027E74D95F}.Release|Any CPU.ActiveCfg = Release|Any CPU
		{53A7AEA8-E855-43A3-9005-0C027E74D95F}.Release|Any CPU.Build.0 = Release|Any CPU
		{53A7AEA8-E855-43A3-9005-0C027E74D95F}.Release|x64.ActiveCfg = Release|Any CPU
		{53A7AEA8-E855-43A3-9005-0C027E74D95F}.Release|x64.Build.0 = Release|Any CPU
		{53A7AEA8-E855-43A3-9005-0C027E74D95F}.Release|x86.ActiveCfg = Release|Any CPU
		{53A7AEA8-E855-43A3-9005-0C027E74D95F}.Release|x86.Build.0 = Release|Any CPU
		{7892B704-E983-4A31-B1F0-BB4CF5909162}.Debug|Any CPU.ActiveCfg = Debug|Any CPU
		{7892B704-E983-4A31-B1F0-BB4CF5909162}.Debug|Any CPU.Build.0 = Debug|Any CPU
		{7892B704-E983-4A31-B1F0-BB4CF5909162}.Debug|x64.ActiveCfg = Debug|Any CPU
		{7892B704-E983-4A31-B1F0-BB4CF5909162}.Debug|x64.Build.0 = Debug|Any CPU
		{7892B704-E983-4A31-B1F0-BB4CF5909162}.Debug|x86.ActiveCfg = Debug|Any CPU
		{7892B704-E983-4A31-B1F0-BB4CF5909162}.Debug|x86.Build.0 = Debug|Any CPU
		{7892B704-E983-4A31-B1F0-BB4CF5909162}.Release|Any CPU.ActiveCfg = Release|Any CPU
		{7892B704-E983-4A31-B1F0-BB4CF5909162}.Release|Any CPU.Build.0 = Release|Any CPU
		{7892B704-E983-4A31-B1F0-BB4CF5909162}.Release|x64.ActiveCfg = Release|Any CPU
		{7892B704-E983-4A31-B1F0-BB4CF5909162}.Release|x64.Build.0 = Release|Any CPU
		{7892B704-E983-4A31-B1F0-BB4CF5909162}.Release|x86.ActiveCfg = Release|Any CPU
		{7892B704-E983-4A31-B1F0-BB4CF5909162}.Release|x86.Build.0 = Release|Any CPU
	EndGlobalSection
	GlobalSection(SolutionProperties) = preSolution
		HideSolutionNode = FALSE
	EndGlobalSection
EndGlobal
